
Microsoft Visual Studio Solution File, Format Version 12.00
# Visual Studio 15
VisualStudioVersion = 15.0.28307.902
MinimumVisualStudioVersion = 10.0.40219.1
Project("{FAE04EC0-301F-11D3-BF4B-00C04F79EFBC}") = "BE", "BE\BE.csproj", "{4582572C-411E-4D25-AA42-89D830EB71DD}"
EndProject
Project("{FAE04EC0-301F-11D3-BF4B-00C04F79EFBC}") = "DAL", "DAL\DAL.csproj", "{96180DED-E7FE-4A3C-8AA5-8520D2B6385F}"
EndProject
Project("{FAE04EC0-301F-11D3-BF4B-00C04F79EFBC}") = "BL", "BL\BL.csproj", "{DAA10A18-8510-41CD-98FB-783C811205E2}"
EndProject
Project("{FAE04EC0-301F-11D3-BF4B-00C04F79EFBC}") = "PLWPF", "PLWPF\PLWPF.csproj", "{B690DD87-729D-48F4-A3CD-5DF03B828788}"
EndProject
Global
	GlobalSection(SolutionConfigurationPlatforms) = preSolution
		Debug|Any CPU = Debug|Any CPU
		Release|Any CPU = Release|Any CPU
	EndGlobalSection
	GlobalSection(ProjectConfigurationPlatforms) = postSolution
		{4582572C-411E-4D25-AA42-89D830EB71DD}.Debug|Any CPU.ActiveCfg = Debug|Any CPU
		{4582572C-411E-4D25-AA42-89D830EB71DD}.Debug|Any CPU.Build.0 = Debug|Any CPU
		{4582572C-411E-4D25-AA42-89D830EB71DD}.Release|Any CPU.ActiveCfg = Release|Any CPU
		{4582572C-411E-4D25-AA42-89D830EB71DD}.Release|Any CPU.Build.0 = Release|Any CPU
		{96180DED-E7FE-4A3C-8AA5-8520D2B6385F}.Debug|Any CPU.ActiveCfg = Debug|Any CPU
		{96180DED-E7FE-4A3C-8AA5-8520D2B6385F}.Debug|Any CPU.Build.0 = Debug|Any CPU
		{96180DED-E7FE-4A3C-8AA5-8520D2B6385F}.Release|Any CPU.ActiveCfg = Release|Any CPU
		{96180DED-E7FE-4A3C-8AA5-8520D2B6385F}.Release|Any CPU.Build.0 = Release|Any CPU
		{DAA10A18-8510-41CD-98FB-783C811205E2}.Debug|Any CPU.ActiveCfg = Debug|Any CPU
		{DAA10A18-8510-41CD-98FB-783C811205E2}.Debug|Any CPU.Build.0 = Debug|Any CPU
		{DAA10A18-8510-41CD-98FB-783C811205E2}.Release|Any CPU.ActiveCfg = Release|Any CPU
		{DAA10A18-8510-41CD-98FB-783C811205E2}.Release|Any CPU.Build.0 = Release|Any CPU
		{B690DD87-729D-48F4-A3CD-5DF03B828788}.Debug|Any CPU.ActiveCfg = Debug|Any CPU
		{B690DD87-729D-48F4-A3CD-5DF03B828788}.Debug|Any CPU.Build.0 = Debug|Any CPU
		{B690DD87-729D-48F4-A3CD-5DF03B828788}.Release|Any CPU.ActiveCfg = Release|Any CPU
		{B690DD87-729D-48F4-A3CD-5DF03B828788}.Release|Any CPU.Build.0 = Release|Any CPU
	EndGlobalSection
	GlobalSection(SolutionProperties) = preSolution
		HideSolutionNode = FALSE
	EndGlobalSection
	GlobalSection(ExtensibilityGlobals) = postSolution
		SolutionGuid = {2E414D9A-A08C-4F8C-B929-4345C188D76B}
	EndGlobalSection
EndGlobal
